
Microsoft Visual Studio Solution File, Format Version 12.00
Project("{2150E333-8FDC-42A3-9474-1A3956D46DE8}") = "src", "src", "{91C1D30F-3E09-4885-AE62-65179312EBBE}"
	ProjectSection(SolutionItems) = preProject
		docker-compose.yml = docker-compose.yml
	EndProjectSection
EndProject
Project("{2150E333-8FDC-42A3-9474-1A3956D46DE8}") = "Gateway", "Gateway", "{2926F460-F4BD-45AB-B68D-65AE7F83530D}"
EndProject
Project("{2150E333-8FDC-42A3-9474-1A3956D46DE8}") = "Services", "Services", "{21159B7E-7253-4F04-AE72-0D6278811833}"
EndProject
Project("{2150E333-8FDC-42A3-9474-1A3956D46DE8}") = "Workers", "Workers", "{8E866B39-80CF-4976-B95F-9ECC516B1602}"
EndProject
Project("{2150E333-8FDC-42A3-9474-1A3956D46DE8}") = "BuildingBlocks", "BuildingBlocks", "{D7D7C427-957B-4A42-A30C-88CCFD1AC554}"
EndProject
Project("{2150E333-8FDC-42A3-9474-1A3956D46DE8}") = "Auth", "Auth", "{E9C926EC-8A11-4E53-8E89-E108CA7C41FE}"
EndProject
Project("{2150E333-8FDC-42A3-9474-1A3956D46DE8}") = "Cadastro", "Cadastro", "{A34728C7-096C-48E9-9E80-A3195C9DA37E}"
EndProject
Project("{2150E333-8FDC-42A3-9474-1A3956D46DE8}") = "Agenda", "Agenda", "{B2838738-C33A-4DB4-9720-C6489ED3E0FF}"
EndProject
Project("{2150E333-8FDC-42A3-9474-1A3956D46DE8}") = "Consulta", "Consulta", "{0FFC73EA-CDD7-47A3-A1C8-BBA455A515BB}"
EndProject
Project("{2150E333-8FDC-42A3-9474-1A3956D46DE8}") = "Messaging", "Messaging", "{8A2E0C81-8C44-4CD0-B277-FDA907C758C0}"
EndProject
Project("{2150E333-8FDC-42A3-9474-1A3956D46DE8}") = "Shared", "Shared", "{B35A7027-8EEB-4DB8-B72D-8280ECF8B48F}"
EndProject
Project("{FAE04EC0-301F-11D3-BF4B-00C04F79EFBC}") = "HackatonFiapNETT6.AgendaMedica.Gateway", "HackatonFiapNETT6.AgendaMedica.Gateway\HackatonFiapNETT6.AgendaMedica.Gateway.csproj", "{E7267BF6-0B09-4005-AC77-8AAE3AD2217E}"
EndProject
Project("{FAE04EC0-301F-11D3-BF4B-00C04F79EFBC}") = "HackatonFiapNETT6.AgendaMedica.Services.Auth.API", "HackatonFiapNETT6.AgendaMedica.Services.Auth.API\HackatonFiapNETT6.AgendaMedica.Services.Auth.API.csproj", "{083BB2AA-05BD-428E-9F50-50CF48875E84}"
EndProject
Project("{FAE04EC0-301F-11D3-BF4B-00C04F79EFBC}") = "HackatonFiapNETT6.AgendaMedica.Services.Agenda.API", "HackatonFiapNETT6.AgendaMedica.Services.Agenda.API\HackatonFiapNETT6.AgendaMedica.Services.Agenda.API.csproj", "{599C6CEE-4CA0-4A37-AAF1-24883BC89D89}"
EndProject
Project("{FAE04EC0-301F-11D3-BF4B-00C04F79EFBC}") = "HackatonFiapNETT6.AgendaMedica.Services.Cadastro.API", "HackatonFiapNETT6.AgendaMedica.Services.Cadastro.API\HackatonFiapNETT6.AgendaMedica.Services.Cadastro.API.csproj", "{DC8BBEA8-7A16-4FFB-8C85-9BB0B53044DB}"
EndProject
Project("{FAE04EC0-301F-11D3-BF4B-00C04F79EFBC}") = "HackatonFiapNETT6.AgendaMedica.Services.Consulta.API", "HackatonFiapNETT6.AgendaMedica.Services.Consulta.API\HackatonFiapNETT6.AgendaMedica.Services.Consulta.API.csproj", "{4AD7BB87-174F-4328-9F27-6F6F08FA8BBE}"
EndProject
Project("{2150E333-8FDC-42A3-9474-1A3956D46DE8}") = "AuthWorker", "AuthWorker", "{835289B5-7A69-4DEF-9333-4D7F7B088464}"
EndProject
Project("{2150E333-8FDC-42A3-9474-1A3956D46DE8}") = "CadastroWorker", "CadastroWorker", "{DD75138F-1B4F-4BF8-891D-E1B9F75A3D64}"
EndProject
Project("{2150E333-8FDC-42A3-9474-1A3956D46DE8}") = "AgendaWorker", "AgendaWorker", "{61EBAF50-D53D-4EF5-BE2B-6FF2A7F4AE2C}"
EndProject
Project("{2150E333-8FDC-42A3-9474-1A3956D46DE8}") = "ConsultaWorker", "ConsultaWorker", "{74FFC465-B7AF-4F67-AC93-FE0DE6B1832D}"
EndProject
Project("{FAE04EC0-301F-11D3-BF4B-00C04F79EFBC}") = "HackatonFiapNETT6.AgendaMedica.Workers.Agenda.Worker", "HackatonFiapNETT6.AgendaMedica.Workers.Agenda.Worker\HackatonFiapNETT6.AgendaMedica.Workers.Agenda.Worker.csproj", "{202AB7EE-C05C-49A9-8633-8904913DDE8B}"
EndProject
Project("{FAE04EC0-301F-11D3-BF4B-00C04F79EFBC}") = "HackatonFiapNETT6.AgendaMedica.Workers.Auth.Worker", "HackatonFiapNETT6.AgendaMedica.Workers.Auth.Worker\HackatonFiapNETT6.AgendaMedica.Workers.Auth.Worker.csproj", "{75854F5E-F949-4756-A140-D8C7254C89D3}"
EndProject
Project("{FAE04EC0-301F-11D3-BF4B-00C04F79EFBC}") = "HackatonFiapNETT6.AgendaMedica.Workers.Cadastro.Workers", "HackatonFiapNETT6.AgendaMedica.Workers.Cadastro.Workers\HackatonFiapNETT6.AgendaMedica.Workers.Cadastro.Workers.csproj", "{C67F0DF8-C963-4B22-B51C-447EA0814F3F}"
EndProject
Project("{FAE04EC0-301F-11D3-BF4B-00C04F79EFBC}") = "HackatonFiapNETT6.AgendaMedica.Workers.Cadastro.Worker", "HackatonFiapNETT6.AgendaMedica.Workers.Cadastro.Worker\HackatonFiapNETT6.AgendaMedica.Workers.Cadastro.Worker.csproj", "{3615B1AB-4908-4B6D-BDA7-4CBEB5D2CBBC}"
EndProject
Project("{FAE04EC0-301F-11D3-BF4B-00C04F79EFBC}") = "HackatonFiapNETT6.AgendaMedica.Messaging", "HackatonFiapNETT6.AgendaMedica.Messaging\HackatonFiapNETT6.AgendaMedica.Messaging.csproj", "{07CD9B3F-E94C-46E5-8848-E52D0DBAE49F}"
EndProject
Project("{FAE04EC0-301F-11D3-BF4B-00C04F79EFBC}") = "HackatonFiapNETT6.AgendaMedica.Shared", "HackatonFiapNETT6.AgendaMedica.Shared\HackatonFiapNETT6.AgendaMedica.Shared.csproj", "{B01C714E-2063-4797-B6A4-70338C50FE7E}"
EndProject
Project("{2150E333-8FDC-42A3-9474-1A3956D46DE8}") = "k8s", "k8s", "{6217D90D-E5C0-4760-85DD-7EB70CA296D1}"
EndProject
Project("{2150E333-8FDC-42A3-9474-1A3956D46DE8}") = "auth-api", "auth-api", "{B736F69E-DA91-4B72-823A-7ED80BCF926F}"
	ProjectSection(SolutionItems) = preProject
		k8s\auth-api\auth-api-deployment.yaml = k8s\auth-api\auth-api-deployment.yaml
		k8s\auth-api\auth-api-service.yaml = k8s\auth-api\auth-api-service.yaml
	EndProjectSection
EndProject
Project("{2150E333-8FDC-42A3-9474-1A3956D46DE8}") = "gateway", "gateway", "{DC3541DC-AF3B-4ACD-B5E0-3828ACA7EBE1}"
	ProjectSection(SolutionItems) = preProject
		k8s\gateway\gateway-api-deployment.yaml = k8s\gateway\gateway-api-deployment.yaml
		k8s\gateway\gateway-api-service.yaml = k8s\gateway\gateway-api-service.yaml
	EndProjectSection
EndProject
Project("{2150E333-8FDC-42A3-9474-1A3956D46DE8}") = "rabbitmq", "rabbitmq", "{3A860383-4177-4328-947B-F6779ABF2BD4}"
EndProject
Project("{2150E333-8FDC-42A3-9474-1A3956D46DE8}") = "agenda-api", "agenda-api", "{D1DE0B72-3EC7-40F0-92D8-A7C769FFD240}"
	ProjectSection(SolutionItems) = preProject
		k8s\agenda-api\agenda-api-deployment.yaml = k8s\agenda-api\agenda-api-deployment.yaml
		k8s\agenda-api\agenda-api-service.yaml = k8s\agenda-api\agenda-api-service.yaml
	EndProjectSection
EndProject
Project("{2150E333-8FDC-42A3-9474-1A3956D46DE8}") = "cadastro-api", "cadastro-api", "{2E9F493A-91DA-44BF-8167-E58C41ACCF31}"
	ProjectSection(SolutionItems) = preProject
		k8s\cadastro-api\cadastro-api-deployment.yaml = k8s\cadastro-api\cadastro-api-deployment.yaml
		k8s\cadastro-api\cadastro-api-service.yaml = k8s\cadastro-api\cadastro-api-service.yaml
	EndProjectSection
EndProject
Project("{2150E333-8FDC-42A3-9474-1A3956D46DE8}") = "consulta-api", "consulta-api", "{E46D54D7-0F0D-4B68-B3AC-B3732AA52C0B}"
	ProjectSection(SolutionItems) = preProject
		k8s\consulta-api\consulta-api-deployment.yaml = k8s\consulta-api\consulta-api-deployment.yaml
		k8s\consulta-api\consulta-api-service.yaml = k8s\consulta-api\consulta-api-service.yaml
	EndProjectSection
EndProject
Project("{FAE04EC0-301F-11D3-BF4B-00C04F79EFBC}") = "HackatonFiapNETT6.AgendaMedica.Services.Auth.API.Tests", "HackatonFiapNETT6.AgendaMedica.Services.Auth.API.Tests\HackatonFiapNETT6.AgendaMedica.Services.Auth.API.Tests.csproj", "{A26C067C-CD1A-49BE-BC97-5F14DDCED6A2}"
EndProject
Project("{2150E333-8FDC-42A3-9474-1A3956D46DE8}") = "monitoring", "monitoring", "{08FB5467-F88E-4A15-A95D-7C058070BCB7}"
	ProjectSection(SolutionItems) = preProject
		docker-compose.monitoring.yml = docker-compose.monitoring.yml
	EndProjectSection
EndProject
Project("{2150E333-8FDC-42A3-9474-1A3956D46DE8}") = "prometheus", "prometheus", "{10B04201-0315-480B-A4CE-250D0BD8BB23}"
	ProjectSection(SolutionItems) = preProject
		prometheus.yml = prometheus.yml
	EndProjectSection
EndProject
Project("{2150E333-8FDC-42A3-9474-1A3956D46DE8}") = "auth-api-monitoring", "auth-api-monitoring", "{2B16785D-AC2B-4A2D-9BDE-59CD5BF14101}"
	ProjectSection(SolutionItems) = preProject
		k8s\auth-api\auth-api-monitoring-service.yaml = k8s\auth-api\auth-api-monitoring-service.yaml
	EndProjectSection
EndProject
Global
	GlobalSection(SolutionConfigurationPlatforms) = preSolution
		Debug|Any CPU = Debug|Any CPU
		Release|Any CPU = Release|Any CPU
	EndGlobalSection
	GlobalSection(NestedProjects) = preSolution
		{2926F460-F4BD-45AB-B68D-65AE7F83530D} = {91C1D30F-3E09-4885-AE62-65179312EBBE}
		{21159B7E-7253-4F04-AE72-0D6278811833} = {91C1D30F-3E09-4885-AE62-65179312EBBE}
		{8E866B39-80CF-4976-B95F-9ECC516B1602} = {91C1D30F-3E09-4885-AE62-65179312EBBE}
		{D7D7C427-957B-4A42-A30C-88CCFD1AC554} = {91C1D30F-3E09-4885-AE62-65179312EBBE}
		{E9C926EC-8A11-4E53-8E89-E108CA7C41FE} = {21159B7E-7253-4F04-AE72-0D6278811833}
		{A34728C7-096C-48E9-9E80-A3195C9DA37E} = {21159B7E-7253-4F04-AE72-0D6278811833}
		{B2838738-C33A-4DB4-9720-C6489ED3E0FF} = {21159B7E-7253-4F04-AE72-0D6278811833}
		{0FFC73EA-CDD7-47A3-A1C8-BBA455A515BB} = {21159B7E-7253-4F04-AE72-0D6278811833}
		{8A2E0C81-8C44-4CD0-B277-FDA907C758C0} = {D7D7C427-957B-4A42-A30C-88CCFD1AC554}
		{B35A7027-8EEB-4DB8-B72D-8280ECF8B48F} = {D7D7C427-957B-4A42-A30C-88CCFD1AC554}
		{E7267BF6-0B09-4005-AC77-8AAE3AD2217E} = {2926F460-F4BD-45AB-B68D-65AE7F83530D}
		{083BB2AA-05BD-428E-9F50-50CF48875E84} = {E9C926EC-8A11-4E53-8E89-E108CA7C41FE}
		{599C6CEE-4CA0-4A37-AAF1-24883BC89D89} = {B2838738-C33A-4DB4-9720-C6489ED3E0FF}
		{DC8BBEA8-7A16-4FFB-8C85-9BB0B53044DB} = {A34728C7-096C-48E9-9E80-A3195C9DA37E}
		{4AD7BB87-174F-4328-9F27-6F6F08FA8BBE} = {0FFC73EA-CDD7-47A3-A1C8-BBA455A515BB}
		{835289B5-7A69-4DEF-9333-4D7F7B088464} = {8E866B39-80CF-4976-B95F-9ECC516B1602}
		{DD75138F-1B4F-4BF8-891D-E1B9F75A3D64} = {8E866B39-80CF-4976-B95F-9ECC516B1602}
		{61EBAF50-D53D-4EF5-BE2B-6FF2A7F4AE2C} = {8E866B39-80CF-4976-B95F-9ECC516B1602}
		{74FFC465-B7AF-4F67-AC93-FE0DE6B1832D} = {8E866B39-80CF-4976-B95F-9ECC516B1602}
		{202AB7EE-C05C-49A9-8633-8904913DDE8B} = {61EBAF50-D53D-4EF5-BE2B-6FF2A7F4AE2C}
		{75854F5E-F949-4756-A140-D8C7254C89D3} = {835289B5-7A69-4DEF-9333-4D7F7B088464}
		{C67F0DF8-C963-4B22-B51C-447EA0814F3F} = {DD75138F-1B4F-4BF8-891D-E1B9F75A3D64}
		{3615B1AB-4908-4B6D-BDA7-4CBEB5D2CBBC} = {74FFC465-B7AF-4F67-AC93-FE0DE6B1832D}
		{07CD9B3F-E94C-46E5-8848-E52D0DBAE49F} = {8A2E0C81-8C44-4CD0-B277-FDA907C758C0}
		{B01C714E-2063-4797-B6A4-70338C50FE7E} = {B35A7027-8EEB-4DB8-B72D-8280ECF8B48F}
		{B736F69E-DA91-4B72-823A-7ED80BCF926F} = {6217D90D-E5C0-4760-85DD-7EB70CA296D1}
		{DC3541DC-AF3B-4ACD-B5E0-3828ACA7EBE1} = {6217D90D-E5C0-4760-85DD-7EB70CA296D1}
		{3A860383-4177-4328-947B-F6779ABF2BD4} = {6217D90D-E5C0-4760-85DD-7EB70CA296D1}
		{D1DE0B72-3EC7-40F0-92D8-A7C769FFD240} = {6217D90D-E5C0-4760-85DD-7EB70CA296D1}
		{2E9F493A-91DA-44BF-8167-E58C41ACCF31} = {6217D90D-E5C0-4760-85DD-7EB70CA296D1}
		{E46D54D7-0F0D-4B68-B3AC-B3732AA52C0B} = {6217D90D-E5C0-4760-85DD-7EB70CA296D1}
		{A26C067C-CD1A-49BE-BC97-5F14DDCED6A2} = {E9C926EC-8A11-4E53-8E89-E108CA7C41FE}
		{10B04201-0315-480B-A4CE-250D0BD8BB23} = {08FB5467-F88E-4A15-A95D-7C058070BCB7}
		{2B16785D-AC2B-4A2D-9BDE-59CD5BF14101} = {6217D90D-E5C0-4760-85DD-7EB70CA296D1}
	EndGlobalSection
	GlobalSection(ProjectConfigurationPlatforms) = postSolution
		{E7267BF6-0B09-4005-AC77-8AAE3AD2217E}.Debug|Any CPU.ActiveCfg = Debug|Any CPU
		{E7267BF6-0B09-4005-AC77-8AAE3AD2217E}.Debug|Any CPU.Build.0 = Debug|Any CPU
		{E7267BF6-0B09-4005-AC77-8AAE3AD2217E}.Release|Any CPU.ActiveCfg = Release|Any CPU
		{E7267BF6-0B09-4005-AC77-8AAE3AD2217E}.Release|Any CPU.Build.0 = Release|Any CPU
		{083BB2AA-05BD-428E-9F50-50CF48875E84}.Debug|Any CPU.ActiveCfg = Debug|Any CPU
		{083BB2AA-05BD-428E-9F50-50CF48875E84}.Debug|Any CPU.Build.0 = Debug|Any CPU
		{083BB2AA-05BD-428E-9F50-50CF48875E84}.Release|Any CPU.ActiveCfg = Release|Any CPU
		{083BB2AA-05BD-428E-9F50-50CF48875E84}.Release|Any CPU.Build.0 = Release|Any CPU
		{599C6CEE-4CA0-4A37-AAF1-24883BC89D89}.Debug|Any CPU.ActiveCfg = Debug|Any CPU
		{599C6CEE-4CA0-4A37-AAF1-24883BC89D89}.Debug|Any CPU.Build.0 = Debug|Any CPU
		{599C6CEE-4CA0-4A37-AAF1-24883BC89D89}.Release|Any CPU.ActiveCfg = Release|Any CPU
		{599C6CEE-4CA0-4A37-AAF1-24883BC89D89}.Release|Any CPU.Build.0 = Release|Any CPU
		{DC8BBEA8-7A16-4FFB-8C85-9BB0B53044DB}.Debug|Any CPU.ActiveCfg = Debug|Any CPU
		{DC8BBEA8-7A16-4FFB-8C85-9BB0B53044DB}.Debug|Any CPU.Build.0 = Debug|Any CPU
		{DC8BBEA8-7A16-4FFB-8C85-9BB0B53044DB}.Release|Any CPU.ActiveCfg = Release|Any CPU
		{DC8BBEA8-7A16-4FFB-8C85-9BB0B53044DB}.Release|Any CPU.Build.0 = Release|Any CPU
		{4AD7BB87-174F-4328-9F27-6F6F08FA8BBE}.Debug|Any CPU.ActiveCfg = Debug|Any CPU
		{4AD7BB87-174F-4328-9F27-6F6F08FA8BBE}.Debug|Any CPU.Build.0 = Debug|Any CPU
		{4AD7BB87-174F-4328-9F27-6F6F08FA8BBE}.Release|Any CPU.ActiveCfg = Release|Any CPU
		{4AD7BB87-174F-4328-9F27-6F6F08FA8BBE}.Release|Any CPU.Build.0 = Release|Any CPU
		{202AB7EE-C05C-49A9-8633-8904913DDE8B}.Debug|Any CPU.ActiveCfg = Debug|Any CPU
		{202AB7EE-C05C-49A9-8633-8904913DDE8B}.Debug|Any CPU.Build.0 = Debug|Any CPU
		{202AB7EE-C05C-49A9-8633-8904913DDE8B}.Release|Any CPU.ActiveCfg = Release|Any CPU
		{202AB7EE-C05C-49A9-8633-8904913DDE8B}.Release|Any CPU.Build.0 = Release|Any CPU
		{75854F5E-F949-4756-A140-D8C7254C89D3}.Debug|Any CPU.ActiveCfg = Debug|Any CPU
		{75854F5E-F949-4756-A140-D8C7254C89D3}.Debug|Any CPU.Build.0 = Debug|Any CPU
		{75854F5E-F949-4756-A140-D8C7254C89D3}.Release|Any CPU.ActiveCfg = Release|Any CPU
		{75854F5E-F949-4756-A140-D8C7254C89D3}.Release|Any CPU.Build.0 = Release|Any CPU
		{C67F0DF8-C963-4B22-B51C-447EA0814F3F}.Debug|Any CPU.ActiveCfg = Debug|Any CPU
		{C67F0DF8-C963-4B22-B51C-447EA0814F3F}.Debug|Any CPU.Build.0 = Debug|Any CPU
		{C67F0DF8-C963-4B22-B51C-447EA0814F3F}.Release|Any CPU.ActiveCfg = Release|Any CPU
		{C67F0DF8-C963-4B22-B51C-447EA0814F3F}.Release|Any CPU.Build.0 = Release|Any CPU
		{3615B1AB-4908-4B6D-BDA7-4CBEB5D2CBBC}.Debug|Any CPU.ActiveCfg = Debug|Any CPU
		{3615B1AB-4908-4B6D-BDA7-4CBEB5D2CBBC}.Debug|Any CPU.Build.0 = Debug|Any CPU
		{3615B1AB-4908-4B6D-BDA7-4CBEB5D2CBBC}.Release|Any CPU.ActiveCfg = Release|Any CPU
		{3615B1AB-4908-4B6D-BDA7-4CBEB5D2CBBC}.Release|Any CPU.Build.0 = Release|Any CPU
		{07CD9B3F-E94C-46E5-8848-E52D0DBAE49F}.Debug|Any CPU.ActiveCfg = Debug|Any CPU
		{07CD9B3F-E94C-46E5-8848-E52D0DBAE49F}.Debug|Any CPU.Build.0 = Debug|Any CPU
		{07CD9B3F-E94C-46E5-8848-E52D0DBAE49F}.Release|Any CPU.ActiveCfg = Release|Any CPU
		{07CD9B3F-E94C-46E5-8848-E52D0DBAE49F}.Release|Any CPU.Build.0 = Release|Any CPU
		{B01C714E-2063-4797-B6A4-70338C50FE7E}.Debug|Any CPU.ActiveCfg = Debug|Any CPU
		{B01C714E-2063-4797-B6A4-70338C50FE7E}.Debug|Any CPU.Build.0 = Debug|Any CPU
		{B01C714E-2063-4797-B6A4-70338C50FE7E}.Release|Any CPU.ActiveCfg = Release|Any CPU
		{B01C714E-2063-4797-B6A4-70338C50FE7E}.Release|Any CPU.Build.0 = Release|Any CPU
		{A26C067C-CD1A-49BE-BC97-5F14DDCED6A2}.Debug|Any CPU.ActiveCfg = Debug|Any CPU
		{A26C067C-CD1A-49BE-BC97-5F14DDCED6A2}.Debug|Any CPU.Build.0 = Debug|Any CPU
		{A26C067C-CD1A-49BE-BC97-5F14DDCED6A2}.Release|Any CPU.ActiveCfg = Release|Any CPU
		{A26C067C-CD1A-49BE-BC97-5F14DDCED6A2}.Release|Any CPU.Build.0 = Release|Any CPU
	EndGlobalSection
EndGlobal
